
Microsoft Visual Studio Solution File, Format Version 12.00
# Visual Studio Version 16
VisualStudioVersion = 16.0.31729.503
MinimumVisualStudioVersion = 10.0.40219.1
Project("{FAE04EC0-301F-11D3-BF4B-00C04F79EFBC}") = "K181185_QS2", "K181185_QS2.csproj", "{D3F6279A-6C22-45AC-BF2F-505B1610802B}"
EndProject
Global
	GlobalSection(SolutionConfigurationPlatforms) = preSolution
		Debug|Any CPU = Debug|Any CPU
		Release|Any CPU = Release|Any CPU
	EndGlobalSection
	GlobalSection(ProjectConfigurationPlatforms) = postSolution
		{D3F6279A-6C22-45AC-BF2F-505B1610802B}.Debug|Any CPU.ActiveCfg = Debug|Any CPU
		{D3F6279A-6C22-45AC-BF2F-505B1610802B}.Debug|Any CPU.Build.0 = Debug|Any CPU
		{D3F6279A-6C22-45AC-BF2F-505B1610802B}.Release|Any CPU.ActiveCfg = Release|Any CPU
		{D3F6279A-6C22-45AC-BF2F-505B1610802B}.Release|Any CPU.Build.0 = Release|Any CPU
	EndGlobalSection
	GlobalSection(SolutionProperties) = preSolution
		HideSolutionNode = FALSE
	EndGlobalSection
	GlobalSection(ExtensibilityGlobals) = postSolution
		SolutionGuid = {ECD370E0-332F-4B60-A193-54C5886D418B}
	EndGlobalSection
EndGlobal
